{
  "name": "ajs_platforms_node",
  "version": "1.0.0",
  "lockfileVersion": 3,
  "requires": true,
  "packages": {
    "": {
      "name": "ajs_platforms_node",
      "version": "1.0.0",
      "license": "ISC",
      "dependencies": {
        "@nadindesyatova/ajs_platforms": "^1.0.0"
      }
    },
    "node_modules/@nadindesyatova/ajs_platforms": {
      "version": "1.0.0",
      "resolved": "https://npm.pkg.github.com/download/@nadindesyatova/ajs_platforms/1.0.0/224d4657278ef86156858491fe259e38b0c56022",
      "integrity": "sha512-8ntUpDSe0wxAFyFOLNoaZ2UjzxXmpW5BHVT/DezNrmxnggbZsr55yhfHpKRO1N/oSEHlDLglAfrAE5oErNCj4Q==",
      "license": "ISC"
    }
  }
}
